
Microsoft Visual Studio Solution File, Format Version 12.00
# Visual Studio Version 17
VisualStudioVersion = 17.9.34607.119
MinimumVisualStudioVersion = 10.0.40219.1
Project("{9A19103F-16F7-4668-BE54-9A1E7A4F7556}") = "AITrendsNews", "AITrendsNews.csproj", "{49BE5824-50FF-43A7-8D05-3E3C5FAB2177}"
EndProject
Global
	GlobalSection(SolutionConfigurationPlatforms) = preSolution
		Debug|Any CPU = Debug|Any CPU
		Release|Any CPU = Release|Any CPU
	EndGlobalSection
	GlobalSection(ProjectConfigurationPlatforms) = postSolution
		{49BE5824-50FF-43A7-8D05-3E3C5FAB2177}.Debug|Any CPU.ActiveCfg = Debug|Any CPU
		{49BE5824-50FF-43A7-8D05-3E3C5FAB2177}.Debug|Any CPU.Build.0 = Debug|Any CPU
		{49BE5824-50FF-43A7-8D05-3E3C5FAB2177}.Release|Any CPU.ActiveCfg = Release|Any CPU
		{49BE5824-50FF-43A7-8D05-3E3C5FAB2177}.Release|Any CPU.Build.0 = Release|Any CPU
	EndGlobalSection
	GlobalSection(SolutionProperties) = preSolution
		HideSolutionNode = FALSE
	EndGlobalSection
	GlobalSection(ExtensibilityGlobals) = postSolution
		SolutionGuid = {8349754D-034D-4392-BB50-55FAAA84D29B}
	EndGlobalSection
EndGlobal
